
Microsoft Visual Studio Solution File, Format Version 12.00
# Visual Studio Version 17
VisualStudioVersion = 17.4.33213.308
MinimumVisualStudioVersion = 10.0.40219.1
Project("{FAE04EC0-301F-11D3-BF4B-00C04F79EFBC}") = "AssetManagementAPI", "AssetManagementAPI\AssetManagementAPI.csproj", "{EDCB6635-3C71-49A6-B728-57E419EAB4C2}"
EndProject
Project("{00D1A9C2-B5F0-4AF3-8072-F6C62B433612}") = "AssetManagementAndControl", "AssetManagementAndControl\AssetManagementAndControl.sqlproj", "{FC6446C7-E6FA-47E6-A469-219B872BA0DF}"
EndProject
Global
	GlobalSection(SolutionConfigurationPlatforms) = preSolution
		Debug|Any CPU = Debug|Any CPU
		Release|Any CPU = Release|Any CPU
	EndGlobalSection
	GlobalSection(ProjectConfigurationPlatforms) = postSolution
		{EDCB6635-3C71-49A6-B728-57E419EAB4C2}.Debug|Any CPU.ActiveCfg = Debug|Any CPU
		{EDCB6635-3C71-49A6-B728-57E419EAB4C2}.Debug|Any CPU.Build.0 = Debug|Any CPU
		{EDCB6635-3C71-49A6-B728-57E419EAB4C2}.Release|Any CPU.ActiveCfg = Release|Any CPU
		{EDCB6635-3C71-49A6-B728-57E419EAB4C2}.Release|Any CPU.Build.0 = Release|Any CPU
		{FC6446C7-E6FA-47E6-A469-219B872BA0DF}.Debug|Any CPU.ActiveCfg = Debug|Any CPU
		{FC6446C7-E6FA-47E6-A469-219B872BA0DF}.Debug|Any CPU.Build.0 = Debug|Any CPU
		{FC6446C7-E6FA-47E6-A469-219B872BA0DF}.Debug|Any CPU.Deploy.0 = Debug|Any CPU
		{FC6446C7-E6FA-47E6-A469-219B872BA0DF}.Release|Any CPU.ActiveCfg = Release|Any CPU
		{FC6446C7-E6FA-47E6-A469-219B872BA0DF}.Release|Any CPU.Build.0 = Release|Any CPU
		{FC6446C7-E6FA-47E6-A469-219B872BA0DF}.Release|Any CPU.Deploy.0 = Release|Any CPU
	EndGlobalSection
	GlobalSection(SolutionProperties) = preSolution
		HideSolutionNode = FALSE
	EndGlobalSection
	GlobalSection(ExtensibilityGlobals) = postSolution
		SolutionGuid = {447A3C42-E8E2-4277-AF60-61F27198EBDA}
	EndGlobalSection
EndGlobal
